<?xml version="1.0" encoding="UTF-8"?>
<!DOCTYPE plist PUBLIC "-//Apple//DTD PLIST 1.0//EN" "http://www.apple.com/DTDs/PropertyList-1.0.dtd">
<plist version="1.0">
<dict>
	<key>archiveVersion</key>
	<string>1</string>
	<key>classes</key>
	<dict/>
	<key>objectVersion</key>
	<string>46</string>
	<key>objects</key>
	<dict>
		<key>49916D3588D876DEF7BDB4D5</key>
		<dict>
			<key>children</key>
			<array>
				<string>FB104FE795B0389A5B1FCAC9</string>
				<string>F34B2246672B71731CFA1242</string>
			</array>
			<key>isa</key>
			<string>PBXGroup</string>
			<key>name</key>
			<string>Pods</string>
			<key>sourceTree</key>
			<string>&lt;group&gt;</string>
		</dict>
		<key>5E6BD60212912FCAB9B22A8F</key>
		<dict>
			<key>fileRef</key>
			<string>848EB64E8EF136630AC34B23</string>
			<key>isa</key>
			<string>PBXBuildFile</string>
		</dict>
		<key>848EB64E8EF136630AC34B23</key>
		<dict>
			<key>explicitFileType</key>
			<string>archive.ar</string>
			<key>includeInIndex</key>
			<string>0</string>
			<key>isa</key>
			<string>PBXFileReference</string>
			<key>path</key>
			<string>libPods-LAHacks2016.a</string>
			<key>sourceTree</key>
			<string>BUILT_PRODUCTS_DIR</string>
		</dict>
		<key>9313A98831E1DE415AF488BB</key>
		<dict>
			<key>buildActionMask</key>
			<string>2147483647</string>
			<key>files</key>
			<array/>
			<key>inputPaths</key>
			<array/>
			<key>isa</key>
			<string>PBXShellScriptBuildPhase</string>
			<key>name</key>
			<string>Copy Pods Resources</string>
			<key>outputPaths</key>
			<array/>
			<key>runOnlyForDeploymentPostprocessing</key>
			<string>0</string>
			<key>shellPath</key>
			<string>/bin/sh</string>
			<key>shellScript</key>
			<string>"${SRCROOT}/Pods/Target Support Files/Pods-LAHacks2016/Pods-LAHacks2016-resources.sh"
</string>
			<key>showEnvVarsInLog</key>
			<string>0</string>
		</dict>
		<key>A1436E629F21400501615F2D</key>
		<dict>
			<key>children</key>
			<array>
				<string>848EB64E8EF136630AC34B23</string>
			</array>
			<key>isa</key>
			<string>PBXGroup</string>
			<key>name</key>
			<string>Frameworks</string>
			<key>sourceTree</key>
			<string>&lt;group&gt;</string>
		</dict>
		<key>C24FB566EE9167739EB2C8CC</key>
		<dict>
			<key>buildActionMask</key>
			<string>2147483647</string>
			<key>files</key>
			<array/>
			<key>inputPaths</key>
			<array/>
			<key>isa</key>
			<string>PBXShellScriptBuildPhase</string>
			<key>name</key>
			<string>Check Pods Manifest.lock</string>
			<key>outputPaths</key>
			<array/>
			<key>runOnlyForDeploymentPostprocessing</key>
			<string>0</string>
			<key>shellPath</key>
			<string>/bin/sh</string>
			<key>shellScript</key>
			<string>diff "${PODS_ROOT}/../Podfile.lock" "${PODS_ROOT}/Manifest.lock" &gt; /dev/null
if [[ $? != 0 ]] ; then
    cat &lt;&lt; EOM
error: The sandbox is not in sync with the Podfile.lock. Run 'pod install' or update your CocoaPods installation.
EOM
    exit 1
fi
</string>
			<key>showEnvVarsInLog</key>
			<string>0</string>
		</dict>
		<key>CA8C40D71CD4A52E00E457B9</key>
		<dict>
			<key>children</key>
			<array>
				<string>CA8C40E21CD4A52F00E457B9</string>
				<string>CA8C40FC1CD4A52F00E457B9</string>
				<string>CA8C41071CD4A52F00E457B9</string>
				<string>CA8C40E11CD4A52F00E457B9</string>
				<string>49916D3588D876DEF7BDB4D5</string>
				<string>A1436E629F21400501615F2D</string>
			</array>
			<key>isa</key>
			<string>PBXGroup</string>
			<key>sourceTree</key>
			<string>&lt;group&gt;</string>
		</dict>
		<key>CA8C40D81CD4A52E00E457B9</key>
		<dict>
			<key>attributes</key>
			<dict>
				<key>LastUpgradeCheck</key>
				<string>0720</string>
				<key>ORGANIZATIONNAME</key>
				<string>Brandon Pon</string>
				<key>TargetAttributes</key>
				<dict>
					<key>CA8C40DF1CD4A52F00E457B9</key>
					<dict>
						<key>CreatedOnToolsVersion</key>
						<string>7.2</string>
						<key>DevelopmentTeam</key>
						<string>T8EE564ATL</string>
					</dict>
					<key>CA8C40F81CD4A52F00E457B9</key>
					<dict>
						<key>CreatedOnToolsVersion</key>
						<string>7.2</string>
						<key>DevelopmentTeam</key>
						<string>T8EE564ATL</string>
						<key>TestTargetID</key>
						<string>CA8C40DF1CD4A52F00E457B9</string>
					</dict>
					<key>CA8C41031CD4A52F00E457B9</key>
					<dict>
						<key>CreatedOnToolsVersion</key>
						<string>7.2</string>
						<key>DevelopmentTeam</key>
						<string>T8EE564ATL</string>
						<key>TestTargetID</key>
						<string>CA8C40DF1CD4A52F00E457B9</string>
					</dict>
				</dict>
			</dict>
			<key>buildConfigurationList</key>
			<string>CA8C40DB1CD4A52E00E457B9</string>
			<key>compatibilityVersion</key>
			<string>Xcode 3.2</string>
			<key>developmentRegion</key>
			<string>English</string>
			<key>hasScannedForEncodings</key>
			<string>0</string>
			<key>isa</key>
			<string>PBXProject</string>
			<key>knownRegions</key>
			<array>
				<string>en</string>
				<string>Base</string>
			</array>
			<key>mainGroup</key>
			<string>CA8C40D71CD4A52E00E457B9</string>
			<key>productRefGroup</key>
			<string>CA8C40E11CD4A52F00E457B9</string>
			<key>projectDirPath</key>
			<string></string>
			<key>projectReferences</key>
			<array/>
			<key>projectRoot</key>
			<string></string>
			<key>targets</key>
			<array>
				<string>CA8C40DF1CD4A52F00E457B9</string>
				<string>CA8C40F81CD4A52F00E457B9</string>
				<string>CA8C41031CD4A52F00E457B9</string>
			</array>
		</dict>
		<key>CA8C40DB1CD4A52E00E457B9</key>
		<dict>
			<key>buildConfigurations</key>
			<array>
				<string>CA8C410B1CD4A52F00E457B9</string>
				<string>CA8C410C1CD4A52F00E457B9</string>
			</array>
			<key>defaultConfigurationIsVisible</key>
			<string>0</string>
			<key>defaultConfigurationName</key>
			<string>Release</string>
			<key>isa</key>
			<string>XCConfigurationList</string>
		</dict>
		<key>CA8C40DC1CD4A52F00E457B9</key>
		<dict>
			<key>buildActionMask</key>
			<string>2147483647</string>
			<key>files</key>
			<array>
				<string>CA8C40EB1CD4A52F00E457B9</string>
				<string>CA8C40E81CD4A52F00E457B9</string>
				<string>CA8C40E51CD4A52F00E457B9</string>
			</array>
			<key>isa</key>
			<string>PBXSourcesBuildPhase</string>
			<key>runOnlyForDeploymentPostprocessing</key>
			<string>0</string>
		</dict>
		<key>CA8C40DD1CD4A52F00E457B9</key>
		<dict>
			<key>buildActionMask</key>
			<string>2147483647</string>
			<key>files</key>
			<array>
				<string>5E6BD60212912FCAB9B22A8F</string>
			</array>
			<key>isa</key>
			<string>PBXFrameworksBuildPhase</string>
			<key>runOnlyForDeploymentPostprocessing</key>
			<string>0</string>
		</dict>
		<key>CA8C40DE1CD4A52F00E457B9</key>
		<dict>
			<key>buildActionMask</key>
			<string>2147483647</string>
			<key>files</key>
			<array>
				<string>CA8C40F31CD4A52F00E457B9</string>
				<string>CA8C40F01CD4A52F00E457B9</string>
				<string>CA8C40EE1CD4A52F00E457B9</string>
			</array>
			<key>isa</key>
			<string>PBXResourcesBuildPhase</string>
			<key>runOnlyForDeploymentPostprocessing</key>
			<string>0</string>
		</dict>
		<key>CA8C40DF1CD4A52F00E457B9</key>
		<dict>
			<key>buildConfigurationList</key>
			<string>CA8C410D1CD4A52F00E457B9</string>
			<key>buildPhases</key>
			<array>
				<string>C24FB566EE9167739EB2C8CC</string>
				<string>CA8C40DC1CD4A52F00E457B9</string>
				<string>CA8C40DD1CD4A52F00E457B9</string>
				<string>CA8C40DE1CD4A52F00E457B9</string>
				<string>9313A98831E1DE415AF488BB</string>
			</array>
			<key>buildRules</key>
			<array/>
			<key>dependencies</key>
			<array/>
			<key>isa</key>
			<string>PBXNativeTarget</string>
			<key>name</key>
			<string>LAHacks2016</string>
			<key>productName</key>
			<string>LAHacks2016</string>
			<key>productReference</key>
			<string>CA8C40E01CD4A52F00E457B9</string>
			<key>productType</key>
			<string>com.apple.product-type.application</string>
		</dict>
		<key>CA8C40E01CD4A52F00E457B9</key>
		<dict>
			<key>explicitFileType</key>
			<string>wrapper.application</string>
			<key>includeInIndex</key>
			<string>0</string>
			<key>isa</key>
			<string>PBXFileReference</string>
			<key>path</key>
			<string>LAHacks2016.app</string>
			<key>sourceTree</key>
			<string>BUILT_PRODUCTS_DIR</string>
		</dict>
		<key>CA8C40E11CD4A52F00E457B9</key>
		<dict>
			<key>children</key>
			<array>
				<string>CA8C40E01CD4A52F00E457B9</string>
				<string>CA8C40F91CD4A52F00E457B9</string>
				<string>CA8C41041CD4A52F00E457B9</string>
			</array>
			<key>isa</key>
			<string>PBXGroup</string>
			<key>name</key>
			<string>Products</string>
			<key>sourceTree</key>
			<string>&lt;group&gt;</string>
		</dict>
		<key>CA8C40E21CD4A52F00E457B9</key>
		<dict>
			<key>children</key>
			<array>
				<string>CA8C40E61CD4A52F00E457B9</string>
				<string>CA8C40E71CD4A52F00E457B9</string>
				<string>CA8C40E91CD4A52F00E457B9</string>
				<string>CA8C40EA1CD4A52F00E457B9</string>
				<string>CA8C40EC1CD4A52F00E457B9</string>
				<string>CA8C40EF1CD4A52F00E457B9</string>
				<string>CA8C40F11CD4A52F00E457B9</string>
				<string>CA8C40F41CD4A52F00E457B9</string>
				<string>CA8C40E31CD4A52F00E457B9</string>
			</array>
			<key>isa</key>
			<string>PBXGroup</string>
			<key>path</key>
			<string>LAHacks2016</string>
			<key>sourceTree</key>
			<string>&lt;group&gt;</string>
		</dict>
		<key>CA8C40E31CD4A52F00E457B9</key>
		<dict>
			<key>children</key>
			<array>
				<string>CA8C40E41CD4A52F00E457B9</string>
			</array>
			<key>isa</key>
			<string>PBXGroup</string>
			<key>name</key>
			<string>Supporting Files</string>
			<key>sourceTree</key>
			<string>&lt;group&gt;</string>
		</dict>
		<key>CA8C40E41CD4A52F00E457B9</key>
		<dict>
			<key>isa</key>
			<string>PBXFileReference</string>
			<key>lastKnownFileType</key>
			<string>sourcecode.c.objc</string>
			<key>path</key>
			<string>main.m</string>
			<key>sourceTree</key>
			<string>&lt;group&gt;</string>
		</dict>
		<key>CA8C40E51CD4A52F00E457B9</key>
		<dict>
			<key>fileRef</key>
			<string>CA8C40E41CD4A52F00E457B9</string>
			<key>isa</key>
			<string>PBXBuildFile</string>
		</dict>
		<key>CA8C40E61CD4A52F00E457B9</key>
		<dict>
			<key>isa</key>
			<string>PBXFileReference</string>
			<key>lastKnownFileType</key>
			<string>sourcecode.c.h</string>
			<key>path</key>
			<string>AppDelegate.h</string>
			<key>sourceTree</key>
			<string>&lt;group&gt;</string>
		</dict>
		<key>CA8C40E71CD4A52F00E457B9</key>
		<dict>
			<key>isa</key>
			<string>PBXFileReference</string>
			<key>lastKnownFileType</key>
			<string>sourcecode.c.objc</string>
			<key>path</key>
			<string>AppDelegate.m</string>
			<key>sourceTree</key>
			<string>&lt;group&gt;</string>
		</dict>
		<key>CA8C40E81CD4A52F00E457B9</key>
		<dict>
			<key>fileRef</key>
			<string>CA8C40E71CD4A52F00E457B9</string>
			<key>isa</key>
			<string>PBXBuildFile</string>
		</dict>
		<key>CA8C40E91CD4A52F00E457B9</key>
		<dict>
			<key>isa</key>
			<string>PBXFileReference</string>
			<key>lastKnownFileType</key>
			<string>sourcecode.c.h</string>
			<key>path</key>
			<string>ViewController.h</string>
			<key>sourceTree</key>
			<string>&lt;group&gt;</string>
		</dict>
		<key>CA8C40EA1CD4A52F00E457B9</key>
		<dict>
			<key>isa</key>
			<string>PBXFileReference</string>
			<key>lastKnownFileType</key>
			<string>sourcecode.c.objc</string>
			<key>path</key>
			<string>ViewController.m</string>
			<key>sourceTree</key>
			<string>&lt;group&gt;</string>
		</dict>
		<key>CA8C40EB1CD4A52F00E457B9</key>
		<dict>
			<key>fileRef</key>
			<string>CA8C40EA1CD4A52F00E457B9</string>
			<key>isa</key>
			<string>PBXBuildFile</string>
		</dict>
		<key>CA8C40EC1CD4A52F00E457B9</key>
		<dict>
			<key>children</key>
			<array>
				<string>CA8C40ED1CD4A52F00E457B9</string>
			</array>
			<key>isa</key>
			<string>PBXVariantGroup</string>
			<key>name</key>
			<string>Main.storyboard</string>
			<key>sourceTree</key>
			<string>&lt;group&gt;</string>
		</dict>
		<key>CA8C40ED1CD4A52F00E457B9</key>
		<dict>
			<key>isa</key>
			<string>PBXFileReference</string>
			<key>lastKnownFileType</key>
			<string>file.storyboard</string>
			<key>name</key>
			<string>Base</string>
			<key>path</key>
			<string>Base.lproj/Main.storyboard</string>
			<key>sourceTree</key>
			<string>&lt;group&gt;</string>
		</dict>
		<key>CA8C40EE1CD4A52F00E457B9</key>
		<dict>
			<key>fileRef</key>
			<string>CA8C40EC1CD4A52F00E457B9</string>
			<key>isa</key>
			<string>PBXBuildFile</string>
		</dict>
		<key>CA8C40EF1CD4A52F00E457B9</key>
		<dict>
			<key>isa</key>
			<string>PBXFileReference</string>
			<key>lastKnownFileType</key>
			<string>folder.assetcatalog</string>
			<key>path</key>
			<string>Assets.xcassets</string>
			<key>sourceTree</key>
			<string>&lt;group&gt;</string>
		</dict>
		<key>CA8C40F01CD4A52F00E457B9</key>
		<dict>
			<key>fileRef</key>
			<string>CA8C40EF1CD4A52F00E457B9</string>
			<key>isa</key>
			<string>PBXBuildFile</string>
		</dict>
		<key>CA8C40F11CD4A52F00E457B9</key>
		<dict>
			<key>children</key>
			<array>
				<string>CA8C40F21CD4A52F00E457B9</string>
			</array>
			<key>isa</key>
			<string>PBXVariantGroup</string>
			<key>name</key>
			<string>LaunchScreen.storyboard</string>
			<key>sourceTree</key>
			<string>&lt;group&gt;</string>
		</dict>
		<key>CA8C40F21CD4A52F00E457B9</key>
		<dict>
			<key>isa</key>
			<string>PBXFileReference</string>
			<key>lastKnownFileType</key>
			<string>file.storyboard</string>
			<key>name</key>
			<string>Base</string>
			<key>path</key>
			<string>Base.lproj/LaunchScreen.storyboard</string>
			<key>sourceTree</key>
			<string>&lt;group&gt;</string>
		</dict>
		<key>CA8C40F31CD4A52F00E457B9</key>
		<dict>
			<key>fileRef</key>
			<string>CA8C40F11CD4A52F00E457B9</string>
			<key>isa</key>
			<string>PBXBuildFile</string>
		</dict>
		<key>CA8C40F41CD4A52F00E457B9</key>
		<dict>
			<key>isa</key>
			<string>PBXFileReference</string>
			<key>lastKnownFileType</key>
			<string>text.plist.xml</string>
			<key>path</key>
			<string>Info.plist</string>
			<key>sourceTree</key>
			<string>&lt;group&gt;</string>
		</dict>
		<key>CA8C40F51CD4A52F00E457B9</key>
		<dict>
			<key>buildActionMask</key>
			<string>2147483647</string>
			<key>files</key>
			<array>
				<string>CA8C40FE1CD4A52F00E457B9</string>
			</array>
			<key>isa</key>
			<string>PBXSourcesBuildPhase</string>
			<key>runOnlyForDeploymentPostprocessing</key>
			<string>0</string>
		</dict>
		<key>CA8C40F61CD4A52F00E457B9</key>
		<dict>
			<key>buildActionMask</key>
			<string>2147483647</string>
			<key>files</key>
			<array/>
			<key>isa</key>
			<string>PBXFrameworksBuildPhase</string>
			<key>runOnlyForDeploymentPostprocessing</key>
			<string>0</string>
		</dict>
		<key>CA8C40F71CD4A52F00E457B9</key>
		<dict>
			<key>buildActionMask</key>
			<string>2147483647</string>
			<key>files</key>
			<array/>
			<key>isa</key>
			<string>PBXResourcesBuildPhase</string>
			<key>runOnlyForDeploymentPostprocessing</key>
			<string>0</string>
		</dict>
		<key>CA8C40F81CD4A52F00E457B9</key>
		<dict>
			<key>buildConfigurationList</key>
			<string>CA8C41101CD4A52F00E457B9</string>
			<key>buildPhases</key>
			<array>
				<string>CA8C40F51CD4A52F00E457B9</string>
				<string>CA8C40F61CD4A52F00E457B9</string>
				<string>CA8C40F71CD4A52F00E457B9</string>
			</array>
			<key>buildRules</key>
			<array/>
			<key>dependencies</key>
			<array>
				<string>CA8C40FB1CD4A52F00E457B9</string>
			</array>
			<key>isa</key>
			<string>PBXNativeTarget</string>
			<key>name</key>
			<string>LAHacks2016Tests</string>
			<key>productName</key>
			<string>LAHacks2016Tests</string>
			<key>productReference</key>
			<string>CA8C40F91CD4A52F00E457B9</string>
			<key>productType</key>
			<string>com.apple.product-type.bundle.unit-test</string>
		</dict>
		<key>CA8C40F91CD4A52F00E457B9</key>
		<dict>
			<key>explicitFileType</key>
			<string>wrapper.cfbundle</string>
			<key>includeInIndex</key>
			<string>0</string>
			<key>isa</key>
			<string>PBXFileReference</string>
			<key>path</key>
			<string>LAHacks2016Tests.xctest</string>
			<key>sourceTree</key>
			<string>BUILT_PRODUCTS_DIR</string>
		</dict>
		<key>CA8C40FA1CD4A52F00E457B9</key>
		<dict>
			<key>containerPortal</key>
			<string>CA8C40D81CD4A52E00E457B9</string>
			<key>isa</key>
			<string>PBXContainerItemProxy</string>
			<key>proxyType</key>
			<string>1</string>
			<key>remoteGlobalIDString</key>
			<string>CA8C40DF1CD4A52F00E457B9</string>
			<key>remoteInfo</key>
			<string>LAHacks2016</string>
		</dict>
		<key>CA8C40FB1CD4A52F00E457B9</key>
		<dict>
			<key>isa</key>
			<string>PBXTargetDependency</string>
			<key>target</key>
			<string>CA8C40DF1CD4A52F00E457B9</string>
			<key>targetProxy</key>
			<string>CA8C40FA1CD4A52F00E457B9</string>
		</dict>
		<key>CA8C40FC1CD4A52F00E457B9</key>
		<dict>
			<key>children</key>
			<array>
				<string>CA8C40FD1CD4A52F00E457B9</string>
				<string>CA8C40FF1CD4A52F00E457B9</string>
			</array>
			<key>isa</key>
			<string>PBXGroup</string>
			<key>path</key>
			<string>LAHacks2016Tests</string>
			<key>sourceTree</key>
			<string>&lt;group&gt;</string>
		</dict>
		<key>CA8C40FD1CD4A52F00E457B9</key>
		<dict>
			<key>isa</key>
			<string>PBXFileReference</string>
			<key>lastKnownFileType</key>
			<string>sourcecode.c.objc</string>
			<key>path</key>
			<string>LAHacks2016Tests.m</string>
			<key>sourceTree</key>
			<string>&lt;group&gt;</string>
		</dict>
		<key>CA8C40FE1CD4A52F00E457B9</key>
		<dict>
			<key>fileRef</key>
			<string>CA8C40FD1CD4A52F00E457B9</string>
			<key>isa</key>
			<string>PBXBuildFile</string>
		</dict>
		<key>CA8C40FF1CD4A52F00E457B9</key>
		<dict>
			<key>isa</key>
			<string>PBXFileReference</string>
			<key>lastKnownFileType</key>
			<string>text.plist.xml</string>
			<key>path</key>
			<string>Info.plist</string>
			<key>sourceTree</key>
			<string>&lt;group&gt;</string>
		</dict>
		<key>CA8C41001CD4A52F00E457B9</key>
		<dict>
			<key>buildActionMask</key>
			<string>2147483647</string>
			<key>files</key>
			<array>
				<string>CA8C41091CD4A52F00E457B9</string>
			</array>
			<key>isa</key>
			<string>PBXSourcesBuildPhase</string>
			<key>runOnlyForDeploymentPostprocessing</key>
			<string>0</string>
		</dict>
		<key>CA8C41011CD4A52F00E457B9</key>
		<dict>
			<key>buildActionMask</key>
			<string>2147483647</string>
			<key>files</key>
			<array/>
			<key>isa</key>
			<string>PBXFrameworksBuildPhase</string>
			<key>runOnlyForDeploymentPostprocessing</key>
			<string>0</string>
		</dict>
		<key>CA8C41021CD4A52F00E457B9</key>
		<dict>
			<key>buildActionMask</key>
			<string>2147483647</string>
			<key>files</key>
			<array/>
			<key>isa</key>
			<string>PBXResourcesBuildPhase</string>
			<key>runOnlyForDeploymentPostprocessing</key>
			<string>0</string>
		</dict>
		<key>CA8C41031CD4A52F00E457B9</key>
		<dict>
			<key>buildConfigurationList</key>
			<string>CA8C41131CD4A52F00E457B9</string>
			<key>buildPhases</key>
			<array>
				<string>CA8C41001CD4A52F00E457B9</string>
				<string>CA8C41011CD4A52F00E457B9</string>
				<string>CA8C41021CD4A52F00E457B9</string>
			</array>
			<key>buildRules</key>
			<array/>
			<key>dependencies</key>
			<array>
				<string>CA8C41061CD4A52F00E457B9</string>
			</array>
			<key>isa</key>
			<string>PBXNativeTarget</string>
			<key>name</key>
			<string>LAHacks2016UITests</string>
			<key>productName</key>
			<string>LAHacks2016UITests</string>
			<key>productReference</key>
			<string>CA8C41041CD4A52F00E457B9</string>
			<key>productType</key>
			<string>com.apple.product-type.bundle.ui-testing</string>
		</dict>
		<key>CA8C41041CD4A52F00E457B9</key>
		<dict>
			<key>explicitFileType</key>
			<string>wrapper.cfbundle</string>
			<key>includeInIndex</key>
			<string>0</string>
			<key>isa</key>
			<string>PBXFileReference</string>
			<key>path</key>
			<string>LAHacks2016UITests.xctest</string>
			<key>sourceTree</key>
			<string>BUILT_PRODUCTS_DIR</string>
		</dict>
		<key>CA8C41051CD4A52F00E457B9</key>
		<dict>
			<key>containerPortal</key>
			<string>CA8C40D81CD4A52E00E457B9</string>
			<key>isa</key>
			<string>PBXContainerItemProxy</string>
			<key>proxyType</key>
			<string>1</string>
			<key>remoteGlobalIDString</key>
			<string>CA8C40DF1CD4A52F00E457B9</string>
			<key>remoteInfo</key>
			<string>LAHacks2016</string>
		</dict>
		<key>CA8C41061CD4A52F00E457B9</key>
		<dict>
			<key>isa</key>
			<string>PBXTargetDependency</string>
			<key>target</key>
			<string>CA8C40DF1CD4A52F00E457B9</string>
			<key>targetProxy</key>
			<string>CA8C41051CD4A52F00E457B9</string>
		</dict>
		<key>CA8C41071CD4A52F00E457B9</key>
		<dict>
			<key>children</key>
			<array>
				<string>CA8C41081CD4A52F00E457B9</string>
				<string>CA8C410A1CD4A52F00E457B9</string>
			</array>
			<key>isa</key>
			<string>PBXGroup</string>
			<key>path</key>
			<string>LAHacks2016UITests</string>
			<key>sourceTree</key>
			<string>&lt;group&gt;</string>
		</dict>
		<key>CA8C41081CD4A52F00E457B9</key>
		<dict>
			<key>isa</key>
			<string>PBXFileReference</string>
			<key>lastKnownFileType</key>
			<string>sourcecode.c.objc</string>
			<key>path</key>
			<string>LAHacks2016UITests.m</string>
			<key>sourceTree</key>
			<string>&lt;group&gt;</string>
		</dict>
		<key>CA8C41091CD4A52F00E457B9</key>
		<dict>
			<key>fileRef</key>
			<string>CA8C41081CD4A52F00E457B9</string>
			<key>isa</key>
			<string>PBXBuildFile</string>
		</dict>
		<key>CA8C410A1CD4A52F00E457B9</key>
		<dict>
			<key>isa</key>
			<string>PBXFileReference</string>
			<key>lastKnownFileType</key>
			<string>text.plist.xml</string>
			<key>path</key>
			<string>Info.plist</string>
			<key>sourceTree</key>
			<string>&lt;group&gt;</string>
		</dict>
		<key>CA8C410B1CD4A52F00E457B9</key>
		<dict>
			<key>buildSettings</key>
			<dict>
				<key>ALWAYS_SEARCH_USER_PATHS</key>
				<string>NO</string>
				<key>CLANG_CXX_LANGUAGE_STANDARD</key>
				<string>gnu++0x</string>
				<key>CLANG_CXX_LIBRARY</key>
				<string>libc++</string>
				<key>CLANG_ENABLE_MODULES</key>
				<string>YES</string>
				<key>CLANG_ENABLE_OBJC_ARC</key>
				<string>YES</string>
				<key>CLANG_WARN_BOOL_CONVERSION</key>
				<string>YES</string>
				<key>CLANG_WARN_CONSTANT_CONVERSION</key>
				<string>YES</string>
				<key>CLANG_WARN_DIRECT_OBJC_ISA_USAGE</key>
				<string>YES_ERROR</string>
				<key>CLANG_WARN_EMPTY_BODY</key>
				<string>YES</string>
				<key>CLANG_WARN_ENUM_CONVERSION</key>
				<string>YES</string>
				<key>CLANG_WARN_INT_CONVERSION</key>
				<string>YES</string>
				<key>CLANG_WARN_OBJC_ROOT_CLASS</key>
				<string>YES_ERROR</string>
				<key>CLANG_WARN_UNREACHABLE_CODE</key>
				<string>YES</string>
				<key>CLANG_WARN__DUPLICATE_METHOD_MATCH</key>
				<string>YES</string>
				<key>CODE_SIGN_IDENTITY[sdk=iphoneos*]</key>
				<string>iPhone Developer</string>
				<key>COPY_PHASE_STRIP</key>
				<string>NO</string>
				<key>DEBUG_INFORMATION_FORMAT</key>
				<string>dwarf</string>
				<key>ENABLE_STRICT_OBJC_MSGSEND</key>
				<string>YES</string>
				<key>ENABLE_TESTABILITY</key>
				<string>YES</string>
				<key>GCC_C_LANGUAGE_STANDARD</key>
				<string>gnu99</string>
				<key>GCC_DYNAMIC_NO_PIC</key>
				<string>NO</string>
				<key>GCC_NO_COMMON_BLOCKS</key>
				<string>YES</string>
				<key>GCC_OPTIMIZATION_LEVEL</key>
				<string>0</string>
				<key>GCC_PREPROCESSOR_DEFINITIONS</key>
				<array>
					<string>DEBUG=1</string>
					<string>$(inherited)</string>
				</array>
				<key>GCC_WARN_64_TO_32_BIT_CONVERSION</key>
				<string>YES</string>
				<key>GCC_WARN_ABOUT_RETURN_TYPE</key>
				<string>YES_ERROR</string>
				<key>GCC_WARN_UNDECLARED_SELECTOR</key>
				<string>YES</string>
				<key>GCC_WARN_UNINITIALIZED_AUTOS</key>
				<string>YES_AGGRESSIVE</string>
				<key>GCC_WARN_UNUSED_FUNCTION</key>
				<string>YES</string>
				<key>GCC_WARN_UNUSED_VARIABLE</key>
				<string>YES</string>
				<key>IPHONEOS_DEPLOYMENT_TARGET</key>
				<string>9.2</string>
				<key>MTL_ENABLE_DEBUG_INFO</key>
				<string>YES</string>
				<key>ONLY_ACTIVE_ARCH</key>
				<string>YES</string>
				<key>SDKROOT</key>
				<string>iphoneos</string>
				<key>TARGETED_DEVICE_FAMILY</key>
				<string>1,2</string>
			</dict>
			<key>isa</key>
			<string>XCBuildConfiguration</string>
			<key>name</key>
			<string>Debug</string>
		</dict>
		<key>CA8C410C1CD4A52F00E457B9</key>
		<dict>
			<key>buildSettings</key>
			<dict>
				<key>ALWAYS_SEARCH_USER_PATHS</key>
				<string>NO</string>
				<key>CLANG_CXX_LANGUAGE_STANDARD</key>
				<string>gnu++0x</string>
				<key>CLANG_CXX_LIBRARY</key>
				<string>libc++</string>
				<key>CLANG_ENABLE_MODULES</key>
				<string>YES</string>
				<key>CLANG_ENABLE_OBJC_ARC</key>
				<string>YES</string>
				<key>CLANG_WARN_BOOL_CONVERSION</key>
				<string>YES</string>
				<key>CLANG_WARN_CONSTANT_CONVERSION</key>
				<string>YES</string>
				<key>CLANG_WARN_DIRECT_OBJC_ISA_USAGE</key>
				<string>YES_ERROR</string>
				<key>CLANG_WARN_EMPTY_BODY</key>
				<string>YES</string>
				<key>CLANG_WARN_ENUM_CONVERSION</key>
				<string>YES</string>
				<key>CLANG_WARN_INT_CONVERSION</key>
				<string>YES</string>
				<key>CLANG_WARN_OBJC_ROOT_CLASS</key>
				<string>YES_ERROR</string>
				<key>CLANG_WARN_UNREACHABLE_CODE</key>
				<string>YES</string>
				<key>CLANG_WARN__DUPLICATE_METHOD_MATCH</key>
				<string>YES</string>
				<key>CODE_SIGN_IDENTITY[sdk=iphoneos*]</key>
				<string>iPhone Developer</string>
				<key>COPY_PHASE_STRIP</key>
				<string>NO</string>
				<key>DEBUG_INFORMATION_FORMAT</key>
				<string>dwarf-with-dsym</string>
				<key>ENABLE_NS_ASSERTIONS</key>
				<string>NO</string>
				<key>ENABLE_STRICT_OBJC_MSGSEND</key>
				<string>YES</string>
				<key>GCC_C_LANGUAGE_STANDARD</key>
				<string>gnu99</string>
				<key>GCC_NO_COMMON_BLOCKS</key>
				<string>YES</string>
				<key>GCC_WARN_64_TO_32_BIT_CONVERSION</key>
				<string>YES</string>
				<key>GCC_WARN_ABOUT_RETURN_TYPE</key>
				<string>YES_ERROR</string>
				<key>GCC_WARN_UNDECLARED_SELECTOR</key>
				<string>YES</string>
				<key>GCC_WARN_UNINITIALIZED_AUTOS</key>
				<string>YES_AGGRESSIVE</string>
				<key>GCC_WARN_UNUSED_FUNCTION</key>
				<string>YES</string>
				<key>GCC_WARN_UNUSED_VARIABLE</key>
				<string>YES</string>
				<key>IPHONEOS_DEPLOYMENT_TARGET</key>
				<string>9.2</string>
				<key>MTL_ENABLE_DEBUG_INFO</key>
				<string>NO</string>
				<key>SDKROOT</key>
				<string>iphoneos</string>
				<key>TARGETED_DEVICE_FAMILY</key>
				<string>1,2</string>
				<key>VALIDATE_PRODUCT</key>
				<string>YES</string>
			</dict>
			<key>isa</key>
			<string>XCBuildConfiguration</string>
			<key>name</key>
			<string>Release</string>
		</dict>
		<key>CA8C410D1CD4A52F00E457B9</key>
		<dict>
			<key>buildConfigurations</key>
			<array>
				<string>CA8C410E1CD4A52F00E457B9</string>
				<string>CA8C410F1CD4A52F00E457B9</string>
			</array>
			<key>defaultConfigurationIsVisible</key>
			<string>0</string>
			<key>isa</key>
			<string>XCConfigurationList</string>
		</dict>
		<key>CA8C410E1CD4A52F00E457B9</key>
		<dict>
			<key>baseConfigurationReference</key>
			<string>FB104FE795B0389A5B1FCAC9</string>
			<key>buildSettings</key>
			<dict>
				<key>ASSETCATALOG_COMPILER_APPICON_NAME</key>
				<string>AppIcon</string>
				<key>INFOPLIST_FILE</key>
				<string>LAHacks2016/Info.plist</string>
				<key>LD_RUNPATH_SEARCH_PATHS</key>
				<string>$(inherited) @executable_path/Frameworks</string>
				<key>PRODUCT_BUNDLE_IDENTIFIER</key>
				<string>com.example.brandonpon.LAHacks2016</string>
				<key>PRODUCT_NAME</key>
				<string>$(TARGET_NAME)</string>
			</dict>
			<key>isa</key>
			<string>XCBuildConfiguration</string>
			<key>name</key>
			<string>Debug</string>
		</dict>
		<key>CA8C410F1CD4A52F00E457B9</key>
		<dict>
			<key>baseConfigurationReference</key>
			<string>F34B2246672B71731CFA1242</string>
			<key>buildSettings</key>
			<dict>
				<key>ASSETCATALOG_COMPILER_APPICON_NAME</key>
				<string>AppIcon</string>
				<key>INFOPLIST_FILE</key>
				<string>LAHacks2016/Info.plist</string>
				<key>LD_RUNPATH_SEARCH_PATHS</key>
				<string>$(inherited) @executable_path/Frameworks</string>
				<key>PRODUCT_BUNDLE_IDENTIFIER</key>
				<string>com.example.brandonpon.LAHacks2016</string>
				<key>PRODUCT_NAME</key>
				<string>$(TARGET_NAME)</string>
			</dict>
			<key>isa</key>
			<string>XCBuildConfiguration</string>
			<key>name</key>
			<string>Release</string>
		</dict>
		<key>CA8C41101CD4A52F00E457B9</key>
		<dict>
			<key>buildConfigurations</key>
			<array>
				<string>CA8C41111CD4A52F00E457B9</string>
				<string>CA8C41121CD4A52F00E457B9</string>
			</array>
			<key>defaultConfigurationIsVisible</key>
			<string>0</string>
			<key>isa</key>
			<string>XCConfigurationList</string>
		</dict>
		<key>CA8C41111CD4A52F00E457B9</key>
		<dict>
			<key>buildSettings</key>
			<dict>
				<key>BUNDLE_LOADER</key>
				<string>$(TEST_HOST)</string>
				<key>INFOPLIST_FILE</key>
				<string>LAHacks2016Tests/Info.plist</string>
				<key>LD_RUNPATH_SEARCH_PATHS</key>
				<string>$(inherited) @executable_path/Frameworks @loader_path/Frameworks</string>
				<key>PRODUCT_BUNDLE_IDENTIFIER</key>
				<string>com.example.brandonpon.LAHacks2016Tests</string>
				<key>PRODUCT_NAME</key>
				<string>$(TARGET_NAME)</string>
				<key>TEST_HOST</key>
				<string>$(BUILT_PRODUCTS_DIR)/LAHacks2016.app/LAHacks2016</string>
			</dict>
			<key>isa</key>
			<string>XCBuildConfiguration</string>
			<key>name</key>
			<string>Debug</string>
		</dict>
		<key>CA8C41121CD4A52F00E457B9</key>
		<dict>
			<key>buildSettings</key>
			<dict>
				<key>BUNDLE_LOADER</key>
				<string>$(TEST_HOST)</string>
				<key>INFOPLIST_FILE</key>
				<string>LAHacks2016Tests/Info.plist</string>
				<key>LD_RUNPATH_SEARCH_PATHS</key>
				<string>$(inherited) @executable_path/Frameworks @loader_path/Frameworks</string>
				<key>PRODUCT_BUNDLE_IDENTIFIER</key>
				<string>com.example.brandonpon.LAHacks2016Tests</string>
				<key>PRODUCT_NAME</key>
				<string>$(TARGET_NAME)</string>
				<key>TEST_HOST</key>
				<string>$(BUILT_PRODUCTS_DIR)/LAHacks2016.app/LAHacks2016</string>
			</dict>
			<key>isa</key>
			<string>XCBuildConfiguration</string>
			<key>name</key>
			<string>Release</string>
		</dict>
		<key>CA8C41131CD4A52F00E457B9</key>
		<dict>
			<key>buildConfigurations</key>
			<array>
				<string>CA8C41141CD4A52F00E457B9</string>
				<string>CA8C41151CD4A52F00E457B9</string>
			</array>
			<key>defaultConfigurationIsVisible</key>
			<string>0</string>
			<key>isa</key>
			<string>XCConfigurationList</string>
		</dict>
		<key>CA8C41141CD4A52F00E457B9</key>
		<dict>
			<key>buildSettings</key>
			<dict>
				<key>INFOPLIST_FILE</key>
				<string>LAHacks2016UITests/Info.plist</string>
				<key>LD_RUNPATH_SEARCH_PATHS</key>
				<string>$(inherited) @executable_path/Frameworks @loader_path/Frameworks</string>
				<key>PRODUCT_BUNDLE_IDENTIFIER</key>
				<string>com.example.brandonpon.LAHacks2016UITests</string>
				<key>PRODUCT_NAME</key>
				<string>$(TARGET_NAME)</string>
				<key>TEST_TARGET_NAME</key>
				<string>LAHacks2016</string>
				<key>USES_XCTRUNNER</key>
				<string>YES</string>
			</dict>
			<key>isa</key>
			<string>XCBuildConfiguration</string>
			<key>name</key>
			<string>Debug</string>
		</dict>
		<key>CA8C41151CD4A52F00E457B9</key>
		<dict>
			<key>buildSettings</key>
			<dict>
				<key>INFOPLIST_FILE</key>
				<string>LAHacks2016UITests/Info.plist</string>
				<key>LD_RUNPATH_SEARCH_PATHS</key>
				<string>$(inherited) @executable_path/Frameworks @loader_path/Frameworks</string>
				<key>PRODUCT_BUNDLE_IDENTIFIER</key>
				<string>com.example.brandonpon.LAHacks2016UITests</string>
				<key>PRODUCT_NAME</key>
				<string>$(TARGET_NAME)</string>
				<key>TEST_TARGET_NAME</key>
				<string>LAHacks2016</string>
				<key>USES_XCTRUNNER</key>
				<string>YES</string>
			</dict>
			<key>isa</key>
			<string>XCBuildConfiguration</string>
			<key>name</key>
			<string>Release</string>
		</dict>
		<key>F34B2246672B71731CFA1242</key>
		<dict>
			<key>includeInIndex</key>
			<string>1</string>
			<key>isa</key>
			<string>PBXFileReference</string>
			<key>lastKnownFileType</key>
			<string>text.xcconfig</string>
			<key>name</key>
			<string>Pods-LAHacks2016.release.xcconfig</string>
			<key>path</key>
			<string>Pods/Target Support Files/Pods-LAHacks2016/Pods-LAHacks2016.release.xcconfig</string>
			<key>sourceTree</key>
			<string>&lt;group&gt;</string>
		</dict>
		<key>FB104FE795B0389A5B1FCAC9</key>
		<dict>
			<key>includeInIndex</key>
			<string>1</string>
			<key>isa</key>
			<string>PBXFileReference</string>
			<key>lastKnownFileType</key>
			<string>text.xcconfig</string>
			<key>name</key>
			<string>Pods-LAHacks2016.debug.xcconfig</string>
			<key>path</key>
			<string>Pods/Target Support Files/Pods-LAHacks2016/Pods-LAHacks2016.debug.xcconfig</string>
			<key>sourceTree</key>
			<string>&lt;group&gt;</string>
		</dict>
	</dict>
	<key>rootObject</key>
	<string>CA8C40D81CD4A52E00E457B9</string>
</dict>
</plist>
